
Microsoft Visual Studio Solution File, Format Version 12.00
# Visual Studio Version 16
VisualStudioVersion = 16.0.30503.244
MinimumVisualStudioVersion = 10.0.40219.1
Project("{FAE04EC0-301F-11D3-BF4B-00C04F79EFBC}") = "Examen", "Examen\Examen.csproj", "{6B58EDCB-C946-4D75-83F1-76E47A4A2F6D}"
EndProject
Global
	GlobalSection(SolutionConfigurationPlatforms) = preSolution
		Debug|Any CPU = Debug|Any CPU
		Release|Any CPU = Release|Any CPU
	EndGlobalSection
	GlobalSection(ProjectConfigurationPlatforms) = postSolution
		{6B58EDCB-C946-4D75-83F1-76E47A4A2F6D}.Debug|Any CPU.ActiveCfg = Debug|Any CPU
		{6B58EDCB-C946-4D75-83F1-76E47A4A2F6D}.Debug|Any CPU.Build.0 = Debug|Any CPU
		{6B58EDCB-C946-4D75-83F1-76E47A4A2F6D}.Release|Any CPU.ActiveCfg = Release|Any CPU
		{6B58EDCB-C946-4D75-83F1-76E47A4A2F6D}.Release|Any CPU.Build.0 = Release|Any CPU
	EndGlobalSection
	GlobalSection(SolutionProperties) = preSolution
		HideSolutionNode = FALSE
	EndGlobalSection
	GlobalSection(ExtensibilityGlobals) = postSolution
		SolutionGuid = {2C0B6F8A-1B3E-4357-A3A9-720F79FEA272}
	EndGlobalSection
EndGlobal
