
Microsoft Visual Studio Solution File, Format Version 12.00
# Visual Studio Version 16
VisualStudioVersion = 16.0.30503.244
MinimumVisualStudioVersion = 10.0.40219.1
Project("{FAE04EC0-301F-11D3-BF4B-00C04F79EFBC}") = "Holamundo", "Holamundo\Holamundo.csproj", "{4BFE1849-87C3-43BD-9019-F5AD2BFA491C}"
EndProject
Global
	GlobalSection(SolutionConfigurationPlatforms) = preSolution
		Debug|Any CPU = Debug|Any CPU
		Release|Any CPU = Release|Any CPU
	EndGlobalSection
	GlobalSection(ProjectConfigurationPlatforms) = postSolution
		{4BFE1849-87C3-43BD-9019-F5AD2BFA491C}.Debug|Any CPU.ActiveCfg = Debug|Any CPU
		{4BFE1849-87C3-43BD-9019-F5AD2BFA491C}.Debug|Any CPU.Build.0 = Debug|Any CPU
		{4BFE1849-87C3-43BD-9019-F5AD2BFA491C}.Release|Any CPU.ActiveCfg = Release|Any CPU
		{4BFE1849-87C3-43BD-9019-F5AD2BFA491C}.Release|Any CPU.Build.0 = Release|Any CPU
	EndGlobalSection
	GlobalSection(SolutionProperties) = preSolution
		HideSolutionNode = FALSE
	EndGlobalSection
	GlobalSection(ExtensibilityGlobals) = postSolution
		SolutionGuid = {79F67121-CBBD-4385-90E4-99C70B5C3E2C}
	EndGlobalSection
EndGlobal
