
Microsoft Visual Studio Solution File, Format Version 12.00
# Visual Studio Version 16
VisualStudioVersion = 16.0.30503.244
MinimumVisualStudioVersion = 10.0.40219.1
Project("{FAE04EC0-301F-11D3-BF4B-00C04F79EFBC}") = "Examen2", "Examen2\Examen2.csproj", "{7FE1B013-928F-4C4E-9BE5-A25DA6350834}"
EndProject
Global
	GlobalSection(SolutionConfigurationPlatforms) = preSolution
		Debug|Any CPU = Debug|Any CPU
		Release|Any CPU = Release|Any CPU
	EndGlobalSection
	GlobalSection(ProjectConfigurationPlatforms) = postSolution
		{7FE1B013-928F-4C4E-9BE5-A25DA6350834}.Debug|Any CPU.ActiveCfg = Debug|Any CPU
		{7FE1B013-928F-4C4E-9BE5-A25DA6350834}.Debug|Any CPU.Build.0 = Debug|Any CPU
		{7FE1B013-928F-4C4E-9BE5-A25DA6350834}.Release|Any CPU.ActiveCfg = Release|Any CPU
		{7FE1B013-928F-4C4E-9BE5-A25DA6350834}.Release|Any CPU.Build.0 = Release|Any CPU
	EndGlobalSection
	GlobalSection(SolutionProperties) = preSolution
		HideSolutionNode = FALSE
	EndGlobalSection
	GlobalSection(ExtensibilityGlobals) = postSolution
		SolutionGuid = {D2C13B45-00A3-428A-8F36-8BB2EE4E5BF6}
	EndGlobalSection
EndGlobal
